{
  "name": "tst",
  "version": "1.0.0",
  "lockfileVersion": 2,
  "requires": true,
  "packages": {
    "": {
      "name": "tst",
      "version": "1.0.0",
      "license": "ISC",
      "devDependencies": {
        "ts34": "sainthkh/ts34",
        "typescript": "3.4.3"
      }
    },
    "../ts34": {
      "version": "1.0.0",
      "extraneous": true,
      "license": "ISC",
      "dependencies": {
        "@types/node": "16.11.33"
      }
    },
    "node_modules/@types/node": {
      "version": "16.11.33",
      "resolved": "https://registry.npmjs.org/@types/node/-/node-16.11.33.tgz",
      "integrity": "sha512-0PJ0vg+JyU0MIan58IOIFRtSvsb7Ri+7Wltx2qAg94eMOrpg4+uuP3aUHCpxXc1i0jCXiC+zIamSZh3l9AbcQA==",
      "dev": true
    },
    "node_modules/ts34": {
      "version": "1.0.0",
      "resolved": "git+ssh://git@github.com/sainthkh/ts34.git#2c6e4991c2b4c69700fd74723fa6439fc12e3c93",
      "dev": true,
      "license": "ISC",
      "dependencies": {
        "@types/node": "16.11.33"
      }
    },
    "node_modules/typescript": {
      "version": "3.4.3",
      "resolved": "https://registry.npmjs.org/typescript/-/typescript-3.4.3.tgz",
      "integrity": "sha512-FFgHdPt4T/duxx6Ndf7hwgMZZjZpB+U0nMNGVCYPq0rEzWKjEDobm4J6yb3CS7naZ0yURFqdw9Gwc7UOh/P9oQ==",
      "dev": true,
      "bin": {
        "tsc": "bin/tsc",
        "tsserver": "bin/tsserver"
      },
      "engines": {
        "node": ">=4.2.0"
      }
    }
  },
  "dependencies": {
    "@types/node": {
      "version": "16.11.33",
      "resolved": "https://registry.npmjs.org/@types/node/-/node-16.11.33.tgz",
      "integrity": "sha512-0PJ0vg+JyU0MIan58IOIFRtSvsb7Ri+7Wltx2qAg94eMOrpg4+uuP3aUHCpxXc1i0jCXiC+zIamSZh3l9AbcQA==",
      "dev": true
    },
    "ts34": {
      "version": "git+ssh://git@github.com/sainthkh/ts34.git#2c6e4991c2b4c69700fd74723fa6439fc12e3c93",
      "dev": true,
      "from": "ts34@sainthkh/ts34",
      "requires": {
        "@types/node": "16.11.33"
      }
    },
    "typescript": {
      "version": "3.4.3",
      "resolved": "https://registry.npmjs.org/typescript/-/typescript-3.4.3.tgz",
      "integrity": "sha512-FFgHdPt4T/duxx6Ndf7hwgMZZjZpB+U0nMNGVCYPq0rEzWKjEDobm4J6yb3CS7naZ0yURFqdw9Gwc7UOh/P9oQ==",
      "dev": true
    }
  }
}
